
Microsoft Visual Studio Solution File, Format Version 12.00
# Visual Studio Version 16
VisualStudioVersion = 16.0.30503.244
MinimumVisualStudioVersion = 10.0.40219.1
Project("{2150E333-8FDC-42A3-9474-1A3956D46DE8}") = "doc", "doc", "{F506384B-2164-447D-9B3F-39B2FB7487E6}"
	ProjectSection(SolutionItems) = preProject
		doc\ActivityDiagramm.png = doc\ActivityDiagramm.png
	EndProjectSection
EndProject
Project("{2150E333-8FDC-42A3-9474-1A3956D46DE8}") = "test", "test", "{6F208404-06D2-4826-89AF-BC77673B2092}"
	ProjectSection(SolutionItems) = preProject
		test\1.txt = test\1.txt
	EndProjectSection
EndProject
Project("{FAE04EC0-301F-11D3-BF4B-00C04F79EFBC}") = "src", "src\src.csproj", "{9B466A05-B96A-4CCF-AD8A-70553A14357F}"
EndProject
Global
	GlobalSection(SolutionConfigurationPlatforms) = preSolution
		Debug|Any CPU = Debug|Any CPU
		Release|Any CPU = Release|Any CPU
	EndGlobalSection
	GlobalSection(ProjectConfigurationPlatforms) = postSolution
		{9B466A05-B96A-4CCF-AD8A-70553A14357F}.Debug|Any CPU.ActiveCfg = Debug|Any CPU
		{9B466A05-B96A-4CCF-AD8A-70553A14357F}.Debug|Any CPU.Build.0 = Debug|Any CPU
		{9B466A05-B96A-4CCF-AD8A-70553A14357F}.Release|Any CPU.ActiveCfg = Release|Any CPU
		{9B466A05-B96A-4CCF-AD8A-70553A14357F}.Release|Any CPU.Build.0 = Release|Any CPU
	EndGlobalSection
	GlobalSection(SolutionProperties) = preSolution
		HideSolutionNode = FALSE
	EndGlobalSection
	GlobalSection(ExtensibilityGlobals) = postSolution
		SolutionGuid = {BFD5333C-66E0-444A-A7E6-62A8030918AC}
	EndGlobalSection
EndGlobal
